{
  "version": "5",
  "specifiers": {
    "npm:@supabase/supabase-js@2.112.2": "2.112.2",
    "npm:svix@1.75.0": "1.75.0"
  },
  "npm": {
    "@stablelib/base64@1.0.1": {
      "integrity": "sha512-1bnPQqSxSuc3Ii6MhBysoWCg58j97aUjuCSZrGSmDxNqtytIi0k8utUenAwTZN4V5mXXYGsVUI9zeBqy+jBOSQ=="
    },
    "@supabase/auth-js@2.112.2": {
      "integrity": "sha512-l1InCp4j98d09LZ6+RgubgF4eVPGBGXcLEhFusLg1qUCHJ2IEkYu5FohKK+eaFmIOwEk0kqG/j/lycw5e15mcQ==",
      "dependencies": [
        "tslib"
      ]
    },
    "@supabase/functions-js@2.112.2": {
      "integrity": "sha512-oMuSWN0ERmrG9S6kOM0bwhHmESGVl3kMtkZl2dNCU/r89hMiziX4GfD1omNo9QcBDele4N0GwSZ7hdbpuiA35A==",
      "dependencies": [
        "tslib"
      ]
    },
    "@supabase/phoenix@0.4.5": {
      "integrity": "sha512-aAn9H9ovVyeApKy11OWOrrOGq8DV68yWeH4ud2lN9fzn4aO8Zb5GLL9m1pUg9nLqIcT+ZDfAcsZe0E/nqdv2lw=="
    },
    "@supabase/postgrest-js@2.112.2": {
      "integrity": "sha512-ewhhtRny/HFRGhUTTg/PsqIatsl8OhW8Eha/Tz4S+SRAXBnuhKei9ZpsQTgL/3XcH9UEwuPQyQgQ9itq7nRQeg==",
      "dependencies": [
        "tslib"
      ]
    },
    "@supabase/realtime-js@2.112.2": {
      "integrity": "sha512-cd9/CEUJ6Go13FxtfiuC5rYELJtuQzVzTXlGG+XjSppjDS+anq+xo++WQe7ZRUNTuHOCeyKRwmx9Hw/OQJ04ig==",
      "dependencies": [
        "@supabase/phoenix",
        "tslib"
      ]
    },
    "@supabase/storage-js@2.112.2": {
      "integrity": "sha512-6jyBq/J1iXOHNpbjCZS7gFcDk49iM1MCJUVkDl71gLd/+XnLDzpUBs8icGebtwiHpl4kVszxIRDYAosbF4Rsig==",
      "dependencies": [
        "iceberg-js",
        "tslib"
      ]
    },
    "@supabase/supabase-js@2.112.2": {
      "integrity": "sha512-UyI1epU9B4X51HvNpkmlwTdF20fEcz2vyvrcDKVzFN4jZN41f5iQRqsiIQjAY5OVJD6ljqA/1g9JQeOTvFHpkA==",
      "dependencies": [
        "@supabase/auth-js",
        "@supabase/functions-js",
        "@supabase/postgrest-js",
        "@supabase/realtime-js",
        "@supabase/storage-js"
      ]
    },
    "@types/node@22.20.1": {
      "integrity": "sha512-EANqOCF9QFyra+4pfxUcX9STKJpCLjMbObVzljIJomAWSnuSIEAvyzEU53GaajbXJEgdh0iEcPL+DGvpUd4k1Q==",
      "dependencies": [
        "undici-types"
      ]
    },
    "es6-promise@4.2.8": {
      "integrity": "sha512-HJDGx5daxeIvxdBxvG2cb9g4tEvwIk3i8+nhX0yGrYmZUzbkdg8QbDevheDB8gd0//uPj4c1EQua8Q+MViT0/w=="
    },
    "fast-sha256@1.3.0": {
      "integrity": "sha512-n11RGP/lrWEFI/bWdygLxhI+pVeo1ZYIVwvvPkW7azl/rOy+F3HYRZ2K5zeE9mmkhQppyv9sQFx0JM9UabnpPQ=="
    },
    "iceberg-js@0.8.1": {
      "integrity": "sha512-1dhVQZXhcHje7798IVM+xoo/1ZdVfzOMIc8/rgVSijRK38EDqOJoGula9N/8ZI5RD8QTxNQtK/Gozpr+qUqRRA=="
    },
    "querystringify@2.2.0": {
      "integrity": "sha512-FIqgj2EUvTa7R50u0rGsyTftzjYmv/a3hO345bZNrqabNqjtgiDMgmo4mkUjd+nzU5oF3dClKqFIPUKybUyqoQ=="
    },
    "requires-port@1.0.0": {
      "integrity": "sha512-KigOCHcocU3XODJxsu8i/j8T9tzT4adHiecwORRQ0ZZFcp7ahwXuRU1m+yuO90C5ZUyGeGfocHDI14M3L3yDAQ=="
    },
    "svix@1.75.0": {
      "integrity": "sha512-3GLI1DN4Pfd8Ze+7yxoV3Ocp8hW07/WRDsoIBdjDvR916Fx3gRHaYSoa0WWRdKSqJNj+OTCeDSSv47mSp9ibqw==",
      "dependencies": [
        "@stablelib/base64",
        "@types/node",
        "es6-promise",
        "fast-sha256",
        "url-parse",
        "uuid"
      ]
    },
    "tslib@2.8.1": {
      "integrity": "sha512-oJFu94HQb+KVduSUQL7wnpmqnfmLsOA/nAh6b6EH0wCEoK0/mPeXU6c3wKDV83MkOuHPRHtSXKKU99IBazS/2w=="
    },
    "undici-types@6.21.0": {
      "integrity": "sha512-iwDZqg0QAGrg9Rav5H4n0M64c3mkR59cJ6wQp+7C4nI0gsmExaedaYLNO44eT4AtBBwjbTiGPMlt2Md0T9H9JQ=="
    },
    "url-parse@1.5.10": {
      "integrity": "sha512-WypcfiRhfeUP9vvF0j6rw0J3hrWrw6iZv3+22h6iRMJ/8z1Tj6XfLP4DsUix5MhMPnXpiHDoKyoZ/bdCkwBCiQ==",
      "dependencies": [
        "querystringify",
        "requires-port"
      ]
    },
    "uuid@10.0.0": {
      "integrity": "sha512-8XkAphELsDnEGrDxUOHB3RGvXz6TeuYSGEZBOjtTtPm2lwhGBjLgOzLHB63IUWfBpNucQjND6d3AOudO+H3RWQ==",
      "deprecated": true,
      "bin": true
    }
  }
}
